{
  "nodes": {
    "bufferline": {
      "flake": false,
      "locked": {
        "lastModified": 1701260479,
        "narHash": "sha256-ptcskmwD4i3VQLk2eHml6Cs2mcjdLs8aKsYmIZ6fSDU=",
        "owner": "akinsho",
        "repo": "bufferline.nvim",
        "rev": "1a3397556d194bb1f2cc530b07124ccc512c5501",
        "type": "github"
      },
      "original": {
        "owner": "akinsho",
        "repo": "bufferline.nvim",
        "type": "github"
      }
    },
    "catppuccin-nvim": {
      "flake": false,
      "locked": {
        "lastModified": 1701256031,
        "narHash": "sha256-FvUongvjmRM1/K0VlpJWijy2LyozQc+NzfOL8vckjdM=",
        "owner": "catppuccin",
        "repo": "nvim",
        "rev": "919d1f786338ebeced798afbf28cd085cd54542a",
        "type": "github"
      },
      "original": {
        "owner": "catppuccin",
        "repo": "nvim",
        "type": "github"
      }
    },
    "cmp-buffer": {
      "flake": false,
      "locked": {
        "lastModified": 1660101488,
        "narHash": "sha256-dG4U7MtnXThoa/PD+qFtCt76MQ14V1wX8GMYcvxEnbM=",
        "owner": "hrsh7th",
        "repo": "cmp-buffer",
        "rev": "3022dbc9166796b644a841a02de8dd1cc1d311fa",
        "type": "github"
      },
      "original": {
        "owner": "hrsh7th",
        "repo": "cmp-buffer",
        "type": "github"
      }
    },
    "cmp-nvim-lsp": {
      "flake": false,
      "locked": {
        "lastModified": 1687494203,
        "narHash": "sha256-mU0soCz79erJXMMqD/FyrJZ0mu2n6fE0deymPzQlxts=",
        "owner": "hrsh7th",
        "repo": "cmp-nvim-lsp",
        "rev": "44b16d11215dce86f253ce0c30949813c0a90765",
        "type": "github"
      },
      "original": {
        "owner": "hrsh7th",
        "repo": "cmp-nvim-lsp",
        "type": "github"
      }
    },
    "cmp-path": {
      "flake": false,
      "locked": {
        "lastModified": 1664784283,
        "narHash": "sha256-thppiiV3wjIaZnAXmsh7j3DUc6ceSCvGzviwFUnoPaI=",
        "owner": "hrsh7th",
        "repo": "cmp-path",
        "rev": "91ff86cd9c29299a64f968ebb45846c485725f23",
        "type": "github"
      },
      "original": {
        "owner": "hrsh7th",
        "repo": "cmp-path",
        "type": "github"
      }
    },
    "cmp-treesitter": {
      "flake": false,
      "locked": {
        "lastModified": 1696562333,
        "narHash": "sha256-8/BOWszkyHC4bcvsvdb0GgOc+tl9NIARFK8pfCRE3wU=",
        "owner": "ray-x",
        "repo": "cmp-treesitter",
        "rev": "b8bc760dfcc624edd5454f0982b63786a822eed9",
        "type": "github"
      },
      "original": {
        "owner": "ray-x",
        "repo": "cmp-treesitter",
        "type": "github"
      }
    },
    "cmp-vsnip": {
      "flake": false,
      "locked": {
        "lastModified": 1669100283,
        "narHash": "sha256-2mkN03noOr5vBvRbSb35xZKorSH+8savQNZtgM9+QcM=",
        "owner": "hrsh7th",
        "repo": "cmp-vsnip",
        "rev": "989a8a73c44e926199bfd05fa7a516d51f2d2752",
        "type": "github"
      },
      "original": {
        "owner": "hrsh7th",
        "repo": "cmp-vsnip",
        "type": "github"
      }
    },
    "crates-nvim": {
      "flake": false,
      "locked": {
        "lastModified": 1701224552,
        "narHash": "sha256-8RpFJ+UoITuKNdq5RELXdaIhos8v7lEIgYtFdumBBmU=",
        "owner": "Saecki",
        "repo": "crates.nvim",
        "rev": "a8b8f60c33b16c8ef22f8064166daa29a47fca4a",
        "type": "github"
      },
      "original": {
        "owner": "Saecki",
        "repo": "crates.nvim",
        "type": "github"
      }
    },
    "flake-utils": {
      "inputs": {
        "systems": "systems"
      },
      "locked": {
        "lastModified": 1694529238,
        "narHash": "sha256-zsNZZGTGnMOf9YpHKJqMSsa0dXbfmxeoJ7xHlrt+xmY=",
        "owner": "numtide",
        "repo": "flake-utils",
        "rev": "ff7b65b44d01cf9ba6a71320833626af21126384",
        "type": "github"
      },
      "original": {
        "owner": "numtide",
        "repo": "flake-utils",
        "type": "github"
      }
    },
    "glow-nvim": {
      "flake": false,
      "locked": {
        "lastModified": 1693233815,
        "narHash": "sha256-vdlwkIK2EkFviJmSiOqPWvc15xqJ9F2gHCC4ObJ5Qjk=",
        "owner": "ellisonleao",
        "repo": "glow.nvim",
        "rev": "5b38fb7b6e806cac62707a4aba8c10c5f14d5bb5",
        "type": "github"
      },
      "original": {
        "owner": "ellisonleao",
        "repo": "glow.nvim",
        "type": "github"
      }
    },
    "home-manager": {
      "inputs": {
        "nixpkgs": [
          "nixpkgs"
        ]
      },
      "locked": {
        "lastModified": 1701433070,
        "narHash": "sha256-Gf9JStfENaUQ7YWFz3V7x/srIwr4nlnVteqaAxtwpgM=",
        "owner": "nix-community",
        "repo": "home-manager",
        "rev": "4a8545f5e737a6338814a4676dc8e18c7f43fc57",
        "type": "github"
      },
      "original": {
        "owner": "nix-community",
        "repo": "home-manager",
        "type": "github"
      }
    },
    "indent-blankline": {
      "flake": false,
      "locked": {
        "lastModified": 1701483513,
        "narHash": "sha256-RLTqwqfwOyzDGnJLvo138eWkeK3vmNOIjh4nUAtFfbk=",
        "owner": "lukas-reineke",
        "repo": "indent-blankline.nvim",
        "rev": "dbd90bb689ff10d21fee6792eb8928f0584b5860",
        "type": "github"
      },
      "original": {
        "owner": "lukas-reineke",
        "repo": "indent-blankline.nvim",
        "type": "github"
      }
    },
    "lspkind": {
      "flake": false,
      "locked": {
        "lastModified": 1683275543,
        "narHash": "sha256-S+qZm51hw/cRujIfHV/1x1fYyCKI4XQ0utSL8uy4l6I=",
        "owner": "onsails",
        "repo": "lspkind.nvim",
        "rev": "57610d5ab560c073c465d6faf0c19f200cb67e6e",
        "type": "github"
      },
      "original": {
        "owner": "onsails",
        "repo": "lspkind.nvim",
        "type": "github"
      }
    },
    "lualine": {
      "flake": false,
      "locked": {
        "lastModified": 1697772980,
        "narHash": "sha256-jV+6mV0dyuhiHGei1UqE2r2GoiKJLtdZI2AMNexbi7E=",
        "owner": "nvim-lualine",
        "repo": "lualine.nvim",
        "rev": "2248ef254d0a1488a72041cfb45ca9caada6d994",
        "type": "github"
      },
      "original": {
        "owner": "nvim-lualine",
        "repo": "lualine.nvim",
        "type": "github"
      }
    },
    "naersk": {
      "inputs": {
        "nixpkgs": [
          "neovim-flake",
          "rnix-lsp",
          "nixpkgs"
        ]
      },
      "locked": {
        "lastModified": 1655042882,
        "narHash": "sha256-9BX8Fuez5YJlN7cdPO63InoyBy7dm3VlJkkmTt6fS1A=",
        "owner": "nix-community",
        "repo": "naersk",
        "rev": "cddffb5aa211f50c4b8750adbec0bbbdfb26bb9f",
        "type": "github"
      },
      "original": {
        "owner": "nix-community",
        "repo": "naersk",
        "type": "github"
      }
    },
    "neovim-flake": {
      "inputs": {
        "bufferline": "bufferline",
        "catppuccin-nvim": "catppuccin-nvim",
        "cmp-buffer": "cmp-buffer",
        "cmp-nvim-lsp": "cmp-nvim-lsp",
        "cmp-path": "cmp-path",
        "cmp-treesitter": "cmp-treesitter",
        "cmp-vsnip": "cmp-vsnip",
        "crates-nvim": "crates-nvim",
        "flake-utils": "flake-utils",
        "glow-nvim": "glow-nvim",
        "indent-blankline": "indent-blankline",
        "lspkind": "lspkind",
        "lualine": "lualine",
        "nightfox-nvim": "nightfox-nvim",
        "nixpkgs": "nixpkgs",
        "null-ls": "null-ls",
        "nvim-autopairs": "nvim-autopairs",
        "nvim-cmp": "nvim-cmp",
        "nvim-comment": "nvim-comment",
        "nvim-cursorline": "nvim-cursorline",
        "nvim-lspconfig": "nvim-lspconfig",
        "nvim-tree": "nvim-tree",
        "nvim-treesitter": "nvim-treesitter",
        "nvim-treesitter-context": "nvim-treesitter-context",
        "nvim-ts-autotag": "nvim-ts-autotag",
        "nvim-web-devicons": "nvim-web-devicons",
        "onedark-nvim": "onedark-nvim",
        "plenary-nvim": "plenary-nvim",
        "rnix-lsp": "rnix-lsp",
        "rust-tools": "rust-tools",
        "telescope": "telescope",
        "tokyonight-nvim": "tokyonight-nvim",
        "vim-vsnip": "vim-vsnip",
        "vscode-nvim": "vscode-nvim"
      },
      "locked": {
        "lastModified": 1701558792,
        "narHash": "sha256-/AuKMdJSNhvsGd0ONTpcVI9YMQVcYPopqfOeZdo4n38=",
        "owner": "pyqlsa",
        "repo": "neovim-flake",
        "rev": "96f0fca433b7589dccc3bb5ea1ba9b780f05058f",
        "type": "github"
      },
      "original": {
        "owner": "pyqlsa",
        "repo": "neovim-flake",
        "type": "github"
      }
    },
    "nightfox-nvim": {
      "inputs": {
        "flake-utils": [
          "neovim-flake",
          "flake-utils"
        ],
        "nixpkgs": [
          "neovim-flake",
          "nixpkgs"
        ]
      },
      "locked": {
        "lastModified": 1700632129,
        "narHash": "sha256-Wh5Sevp1TWqtBrleDtkTWRzJ8kBhT4wIweml8DQZZ6k=",
        "owner": "EdenEast",
        "repo": "nightfox.nvim",
        "rev": "eb82712f86319272f4b7b9dbb4ec6df650e6987f",
        "type": "github"
      },
      "original": {
        "owner": "EdenEast",
        "repo": "nightfox.nvim",
        "type": "github"
      }
    },
    "nixpkgs": {
      "locked": {
        "lastModified": 1701336116,
        "narHash": "sha256-kEmpezCR/FpITc6yMbAh4WrOCiT2zg5pSjnKrq51h5Y=",
        "owner": "nixos",
        "repo": "nixpkgs",
        "rev": "f5c27c6136db4d76c30e533c20517df6864c46ee",
        "type": "github"
      },
      "original": {
        "owner": "nixos",
        "ref": "nixpkgs-unstable",
        "repo": "nixpkgs",
        "type": "github"
      }
    },
    "nixpkgs_2": {
      "locked": {
        "lastModified": 1656753965,
        "narHash": "sha256-BCrB3l0qpJokOnIVc3g2lHiGhnjUi0MoXiw6t1o8H1E=",
        "owner": "nixos",
        "repo": "nixpkgs",
        "rev": "0ea7a8f1b939d74e5df8af9a8f7342097cdf69eb",
        "type": "github"
      },
      "original": {
        "owner": "nixos",
        "ref": "nixos-unstable",
        "repo": "nixpkgs",
        "type": "github"
      }
    },
    "nixpkgs_3": {
      "locked": {
        "lastModified": 1701253981,
        "narHash": "sha256-ztaDIyZ7HrTAfEEUt9AtTDNoCYxUdSd6NrRHaYOIxtk=",
        "owner": "nixos",
        "repo": "nixpkgs",
        "rev": "e92039b55bcd58469325ded85d4f58dd5a4eaf58",
        "type": "github"
      },
      "original": {
        "owner": "nixos",
        "ref": "nixos-unstable",
        "repo": "nixpkgs",
        "type": "github"
      }
    },
    "null-ls": {
      "flake": false,
      "locked": {
        "lastModified": 1691810493,
        "narHash": "sha256-cWA0rzkOp/ekVKaFee7iea1lhnqKtWUIU+fW5M950wI=",
        "owner": "jose-elias-alvarez",
        "repo": "null-ls.nvim",
        "rev": "0010ea927ab7c09ef0ce9bf28c2b573fc302f5a7",
        "type": "github"
      },
      "original": {
        "owner": "jose-elias-alvarez",
        "repo": "null-ls.nvim",
        "type": "github"
      }
    },
    "nvim-autopairs": {
      "flake": false,
      "locked": {
        "lastModified": 1701558532,
        "narHash": "sha256-ZyMkYQS8KBL4NuouzjzeTl71YJY+86DYYF5JCxSUGvg=",
        "owner": "pyqlsa",
        "repo": "nvim-autopairs",
        "rev": "32d124716c89a0be1791d22c8f1fa2bdb3c311ff",
        "type": "github"
      },
      "original": {
        "owner": "pyqlsa",
        "ref": "ts_deprecate_query_get_node_text",
        "repo": "nvim-autopairs",
        "type": "github"
      }
    },
    "nvim-cmp": {
      "flake": false,
      "locked": {
        "lastModified": 1699261102,
        "narHash": "sha256-auUHEjUDOaDkMI9loN6T+/whDDNzPl04bf+nqqLQ5+I=",
        "owner": "hrsh7th",
        "repo": "nvim-cmp",
        "rev": "0b751f6beef40fd47375eaf53d3057e0bfa317e4",
        "type": "github"
      },
      "original": {
        "owner": "hrsh7th",
        "repo": "nvim-cmp",
        "type": "github"
      }
    },
    "nvim-comment": {
      "flake": false,
      "locked": {
        "lastModified": 1660082200,
        "narHash": "sha256-O2jhrjXxKaWHMfm3YJ9+92Onm0niEHfUp5kOh2gETuc=",
        "owner": "terrortylor",
        "repo": "nvim-comment",
        "rev": "e9ac16ab056695cad6461173693069ec070d2b23",
        "type": "github"
      },
      "original": {
        "owner": "terrortylor",
        "repo": "nvim-comment",
        "type": "github"
      }
    },
    "nvim-cursorline": {
      "flake": false,
      "locked": {
        "lastModified": 1650034925,
        "narHash": "sha256-Uhw65p1KBjs8KsVOmTzuiu3XKclxBob8AVdWEt30C/8=",
        "owner": "yamatsum",
        "repo": "nvim-cursorline",
        "rev": "804f0023692653b2b2368462d67d2a87056947f9",
        "type": "github"
      },
      "original": {
        "owner": "yamatsum",
        "repo": "nvim-cursorline",
        "type": "github"
      }
    },
    "nvim-lspconfig": {
      "inputs": {
        "flake-utils": [
          "neovim-flake",
          "flake-utils"
        ],
        "nixpkgs": [
          "neovim-flake",
          "nixpkgs"
        ]
      },
      "locked": {
        "lastModified": 1701402860,
        "narHash": "sha256-fS47CBEXE+T62ed0kS8+baNxsEdNWlbvw2NM29/B2Zo=",
        "owner": "neovim",
        "repo": "nvim-lspconfig",
        "rev": "694aaec65733e2d54d393abf80e526f86726c988",
        "type": "github"
      },
      "original": {
        "owner": "neovim",
        "repo": "nvim-lspconfig",
        "type": "github"
      }
    },
    "nvim-tree": {
      "flake": false,
      "locked": {
        "lastModified": 1701164392,
        "narHash": "sha256-fMF8nXGodV0cYwSzKH6ThYmlp7oV9U8JDCgFwul6Ss4=",
        "owner": "kyazdani42",
        "repo": "nvim-tree.lua",
        "rev": "05f55c1fd6470b31627655c528245794e3cd4b2c",
        "type": "github"
      },
      "original": {
        "owner": "kyazdani42",
        "repo": "nvim-tree.lua",
        "type": "github"
      }
    },
    "nvim-treesitter": {
      "flake": false,
      "locked": {
        "lastModified": 1701413471,
        "narHash": "sha256-scrkupf/weQweU0vuTpgNTZ5hddPrLHCCWVSB9Aq9VU=",
        "owner": "nvim-treesitter",
        "repo": "nvim-treesitter",
        "rev": "80a16deb5146a3eb4648effccda1ab9f45e43e76",
        "type": "github"
      },
      "original": {
        "owner": "nvim-treesitter",
        "repo": "nvim-treesitter",
        "type": "github"
      }
    },
    "nvim-treesitter-context": {
      "flake": false,
      "locked": {
        "lastModified": 1652175020,
        "narHash": "sha256-dYw/Y6+Eni7gTSjvCCl7E6ho8xSTxDYAwH3xGEhf54Q=",
        "owner": "lewis6991",
        "repo": "nvim-treesitter-context",
        "rev": "c931a3136a696c1827eda78ac678aea542115bd0",
        "type": "github"
      },
      "original": {
        "owner": "lewis6991",
        "repo": "nvim-treesitter-context",
        "type": "github"
      }
    },
    "nvim-ts-autotag": {
      "flake": false,
      "locked": {
        "lastModified": 1686883732,
        "narHash": "sha256-4qTtXYA5HyG1sADV0wsiccO/G89qEoYPmlg8tTx7h8g=",
        "owner": "windwp",
        "repo": "nvim-ts-autotag",
        "rev": "6be1192965df35f94b8ea6d323354f7dc7a557e4",
        "type": "github"
      },
      "original": {
        "owner": "windwp",
        "repo": "nvim-ts-autotag",
        "type": "github"
      }
    },
    "nvim-web-devicons": {
      "flake": false,
      "locked": {
        "lastModified": 1701051941,
        "narHash": "sha256-6RYrOPbNkCowDOFDE4NrSKEdwDYURuYONFobGMoKrO8=",
        "owner": "kyazdani42",
        "repo": "nvim-web-devicons",
        "rev": "5efb8bd06841f91f97c90e16de85e96d57e9c862",
        "type": "github"
      },
      "original": {
        "owner": "kyazdani42",
        "repo": "nvim-web-devicons",
        "type": "github"
      }
    },
    "onedark-nvim": {
      "flake": false,
      "locked": {
        "lastModified": 1700719313,
        "narHash": "sha256-iaELrB8W2T/87xOU4JeHFab7piIa5mkUEbi++PuNRbg=",
        "owner": "navarasu",
        "repo": "onedark.nvim",
        "rev": "e7c656ac6b6460aaab817cbd0c9d5c043eda4b43",
        "type": "github"
      },
      "original": {
        "owner": "navarasu",
        "repo": "onedark.nvim",
        "type": "github"
      }
    },
    "plenary-nvim": {
      "flake": false,
      "locked": {
        "lastModified": 1701343040,
        "narHash": "sha256-f8YVaXMG0ZyW6iotAgnftaYULnL69UPolRad6RTG27g=",
        "owner": "nvim-lua",
        "repo": "plenary.nvim",
        "rev": "55d9fe89e33efd26f532ef20223e5f9430c8b0c0",
        "type": "github"
      },
      "original": {
        "owner": "nvim-lua",
        "repo": "plenary.nvim",
        "type": "github"
      }
    },
    "rnix-lsp": {
      "inputs": {
        "naersk": "naersk",
        "nixpkgs": "nixpkgs_2",
        "utils": [
          "neovim-flake",
          "flake-utils"
        ]
      },
      "locked": {
        "lastModified": 1669555118,
        "narHash": "sha256-F0s0m62S5bHNVWNHLZD6SeHiLrsDx98VQbRjDyIu+qQ=",
        "owner": "nix-community",
        "repo": "rnix-lsp",
        "rev": "95d40673fe43642e2e1144341e86d0036abd95d9",
        "type": "github"
      },
      "original": {
        "owner": "nix-community",
        "repo": "rnix-lsp",
        "type": "github"
      }
    },
    "root": {
      "inputs": {
        "home-manager": "home-manager",
        "neovim-flake": "neovim-flake",
        "nixpkgs": "nixpkgs_3"
      }
    },
    "rust-tools": {
      "flake": false,
      "locked": {
        "lastModified": 1689033186,
        "narHash": "sha256-jtfyDxifchznUupLSao6nmpVqaX1yO0xN+NhqS9fgxg=",
        "owner": "simrat39",
        "repo": "rust-tools.nvim",
        "rev": "0cc8adab23117783a0292a0c8a2fbed1005dc645",
        "type": "github"
      },
      "original": {
        "owner": "simrat39",
        "repo": "rust-tools.nvim",
        "type": "github"
      }
    },
    "systems": {
      "locked": {
        "lastModified": 1681028828,
        "narHash": "sha256-Vy1rq5AaRuLzOxct8nz4T6wlgyUR7zLU309k9mBC768=",
        "owner": "nix-systems",
        "repo": "default",
        "rev": "da67096a3b9bf56a91d16901293e51ba5b49a27e",
        "type": "github"
      },
      "original": {
        "owner": "nix-systems",
        "repo": "default",
        "type": "github"
      }
    },
    "telescope": {
      "flake": false,
      "locked": {
        "lastModified": 1701167040,
        "narHash": "sha256-H5RpyWMluE+Yxg7xFX43AZTVW+Yg70DF3FmEGXBUSNg=",
        "owner": "nvim-telescope",
        "repo": "telescope.nvim",
        "rev": "d90956833d7c27e73c621a61f20b29fdb7122709",
        "type": "github"
      },
      "original": {
        "owner": "nvim-telescope",
        "ref": "0.1.x",
        "repo": "telescope.nvim",
        "type": "github"
      }
    },
    "tokyonight-nvim": {
      "flake": false,
      "locked": {
        "lastModified": 1698229236,
        "narHash": "sha256-axjZVZOI+WIv85FfMG+lxftDKlDIw/HzQKyJVFkL33M=",
        "owner": "folke",
        "repo": "tokyonight.nvim",
        "rev": "f247ee700b569ed43f39320413a13ba9b0aef0db",
        "type": "github"
      },
      "original": {
        "owner": "folke",
        "repo": "tokyonight.nvim",
        "type": "github"
      }
    },
    "vim-vsnip": {
      "flake": false,
      "locked": {
        "lastModified": 1699776303,
        "narHash": "sha256-r5XxpKJ2vj6IG/y7RIRXasaT1j+XLuq3Il07HadsSoE=",
        "owner": "hrsh7th",
        "repo": "vim-vsnip",
        "rev": "8eebdf6ab4a880d845893f210fd20516d2e2384f",
        "type": "github"
      },
      "original": {
        "owner": "hrsh7th",
        "repo": "vim-vsnip",
        "type": "github"
      }
    },
    "vscode-nvim": {
      "flake": false,
      "locked": {
        "lastModified": 1697550466,
        "narHash": "sha256-rY/oE1NjqVskaeU5eaVQiy08uz3Bg/Z031wVjy3nPBI=",
        "owner": "mofiqul",
        "repo": "vscode.nvim",
        "rev": "563e3f671543ba14f23ccb57020a428add640d02",
        "type": "github"
      },
      "original": {
        "owner": "mofiqul",
        "repo": "vscode.nvim",
        "type": "github"
      }
    }
  },
  "root": "root",
  "version": 7
}
