{
  "nodes": {
    "bufferline": {
      "flake": false,
      "locked": {
        "lastModified": 1687933374,
        "narHash": "sha256-e+TaXvZI+nfnK3gFoLK5ffwsm6B+15YCeehnoISK4mE=",
        "owner": "akinsho",
        "repo": "bufferline.nvim",
        "rev": "2f391fde91b9c3876eee359ee24cc352050e5e48",
        "type": "github"
      },
      "original": {
        "owner": "akinsho",
        "repo": "bufferline.nvim",
        "type": "github"
      }
    },
    "catppuccin-nvim": {
      "flake": false,
      "locked": {
        "lastModified": 1688738370,
        "narHash": "sha256-BeCA3Bj0bh6N3fdW5K7L+tYy+rS4Ro2WsQb1+M8JZU0=",
        "owner": "catppuccin",
        "repo": "nvim",
        "rev": "278bfeb61bd627dc2a8885180a0441a1ebe65a41",
        "type": "github"
      },
      "original": {
        "owner": "catppuccin",
        "repo": "nvim",
        "type": "github"
      }
    },
    "cmp-buffer": {
      "flake": false,
      "locked": {
        "lastModified": 1660101488,
        "narHash": "sha256-dG4U7MtnXThoa/PD+qFtCt76MQ14V1wX8GMYcvxEnbM=",
        "owner": "hrsh7th",
        "repo": "cmp-buffer",
        "rev": "3022dbc9166796b644a841a02de8dd1cc1d311fa",
        "type": "github"
      },
      "original": {
        "owner": "hrsh7th",
        "repo": "cmp-buffer",
        "type": "github"
      }
    },
    "cmp-nvim-lsp": {
      "flake": false,
      "locked": {
        "lastModified": 1687494203,
        "narHash": "sha256-mU0soCz79erJXMMqD/FyrJZ0mu2n6fE0deymPzQlxts=",
        "owner": "hrsh7th",
        "repo": "cmp-nvim-lsp",
        "rev": "44b16d11215dce86f253ce0c30949813c0a90765",
        "type": "github"
      },
      "original": {
        "owner": "hrsh7th",
        "repo": "cmp-nvim-lsp",
        "type": "github"
      }
    },
    "cmp-path": {
      "flake": false,
      "locked": {
        "lastModified": 1664784283,
        "narHash": "sha256-thppiiV3wjIaZnAXmsh7j3DUc6ceSCvGzviwFUnoPaI=",
        "owner": "hrsh7th",
        "repo": "cmp-path",
        "rev": "91ff86cd9c29299a64f968ebb45846c485725f23",
        "type": "github"
      },
      "original": {
        "owner": "hrsh7th",
        "repo": "cmp-path",
        "type": "github"
      }
    },
    "cmp-treesitter": {
      "flake": false,
      "locked": {
        "lastModified": 1680745848,
        "narHash": "sha256-WOcg6w4M20gpMCZjZ3DpPIA55SGLjV75fhckefiVfU0=",
        "owner": "ray-x",
        "repo": "cmp-treesitter",
        "rev": "389eadd48c27aa6dc0e6b992644704f026802a2e",
        "type": "github"
      },
      "original": {
        "owner": "ray-x",
        "repo": "cmp-treesitter",
        "type": "github"
      }
    },
    "cmp-vsnip": {
      "flake": false,
      "locked": {
        "lastModified": 1669100283,
        "narHash": "sha256-2mkN03noOr5vBvRbSb35xZKorSH+8savQNZtgM9+QcM=",
        "owner": "hrsh7th",
        "repo": "cmp-vsnip",
        "rev": "989a8a73c44e926199bfd05fa7a516d51f2d2752",
        "type": "github"
      },
      "original": {
        "owner": "hrsh7th",
        "repo": "cmp-vsnip",
        "type": "github"
      }
    },
    "crates-nvim": {
      "flake": false,
      "locked": {
        "lastModified": 1688295570,
        "narHash": "sha256-ah+fTmzkZn+xuL3sG2RxlCtDiFsRv3SY1iJzYKMIaMg=",
        "owner": "Saecki",
        "repo": "crates.nvim",
        "rev": "4ce7c51b881e58f1e2f8f437f30e4e583cbac319",
        "type": "github"
      },
      "original": {
        "owner": "Saecki",
        "repo": "crates.nvim",
        "type": "github"
      }
    },
    "flake-utils": {
      "inputs": {
        "systems": "systems"
      },
      "locked": {
        "lastModified": 1687709756,
        "narHash": "sha256-Y5wKlQSkgEK2weWdOu4J3riRd+kV/VCgHsqLNTTWQ/0=",
        "owner": "numtide",
        "repo": "flake-utils",
        "rev": "dbabf0ca0c0c4bce6ea5eaf65af5cb694d2082c7",
        "type": "github"
      },
      "original": {
        "owner": "numtide",
        "repo": "flake-utils",
        "type": "github"
      }
    },
    "glow-nvim": {
      "flake": false,
      "locked": {
        "lastModified": 1683307046,
        "narHash": "sha256-xH/PDx7u+fTX2a4hbbp4EQrmS9y/BHYHMXVbG07rh44=",
        "owner": "ellisonleao",
        "repo": "glow.nvim",
        "rev": "bbd0473d72a45094495ee5600b5577823543eefe",
        "type": "github"
      },
      "original": {
        "owner": "ellisonleao",
        "repo": "glow.nvim",
        "type": "github"
      }
    },
    "home-manager": {
      "inputs": {
        "nixpkgs": [
          "nixpkgs"
        ]
      },
      "locked": {
        "lastModified": 1689447223,
        "narHash": "sha256-A5vQBtWYamvGf3c2IEhAmwIkXBzuzrkpnMYbLvc+lEY=",
        "owner": "nix-community",
        "repo": "home-manager",
        "rev": "f5b03feb33629cb2b6dd513935637e8cc718a5ba",
        "type": "github"
      },
      "original": {
        "owner": "nix-community",
        "repo": "home-manager",
        "type": "github"
      }
    },
    "indent-blankline": {
      "flake": false,
      "locked": {
        "lastModified": 1688727830,
        "narHash": "sha256-efMRkxjbr6o7kSKAEn0Kaw8lsDubRmc1N0Kd1BZ3A7k=",
        "owner": "lukas-reineke",
        "repo": "indent-blankline.nvim",
        "rev": "4541d690816cb99a7fc248f1486aa87f3abce91c",
        "type": "github"
      },
      "original": {
        "owner": "lukas-reineke",
        "repo": "indent-blankline.nvim",
        "type": "github"
      }
    },
    "lspkind": {
      "flake": false,
      "locked": {
        "lastModified": 1683275543,
        "narHash": "sha256-S+qZm51hw/cRujIfHV/1x1fYyCKI4XQ0utSL8uy4l6I=",
        "owner": "onsails",
        "repo": "lspkind.nvim",
        "rev": "57610d5ab560c073c465d6faf0c19f200cb67e6e",
        "type": "github"
      },
      "original": {
        "owner": "onsails",
        "repo": "lspkind.nvim",
        "type": "github"
      }
    },
    "lualine": {
      "flake": false,
      "locked": {
        "lastModified": 1683213422,
        "narHash": "sha256-ltHE8UIquGo07BSlFGM1l3wmTNN43i8kx6QY7Fj2CNo=",
        "owner": "nvim-lualine",
        "repo": "lualine.nvim",
        "rev": "05d78e9fd0cdfb4545974a5aa14b1be95a86e9c9",
        "type": "github"
      },
      "original": {
        "owner": "nvim-lualine",
        "repo": "lualine.nvim",
        "type": "github"
      }
    },
    "naersk": {
      "inputs": {
        "nixpkgs": [
          "neovim-flake",
          "rnix-lsp",
          "nixpkgs"
        ]
      },
      "locked": {
        "lastModified": 1655042882,
        "narHash": "sha256-9BX8Fuez5YJlN7cdPO63InoyBy7dm3VlJkkmTt6fS1A=",
        "owner": "nix-community",
        "repo": "naersk",
        "rev": "cddffb5aa211f50c4b8750adbec0bbbdfb26bb9f",
        "type": "github"
      },
      "original": {
        "owner": "nix-community",
        "repo": "naersk",
        "type": "github"
      }
    },
    "neovim-flake": {
      "inputs": {
        "bufferline": "bufferline",
        "catppuccin-nvim": "catppuccin-nvim",
        "cmp-buffer": "cmp-buffer",
        "cmp-nvim-lsp": "cmp-nvim-lsp",
        "cmp-path": "cmp-path",
        "cmp-treesitter": "cmp-treesitter",
        "cmp-vsnip": "cmp-vsnip",
        "crates-nvim": "crates-nvim",
        "flake-utils": "flake-utils",
        "glow-nvim": "glow-nvim",
        "indent-blankline": "indent-blankline",
        "lspkind": "lspkind",
        "lualine": "lualine",
        "nightfox-nvim": "nightfox-nvim",
        "nixpkgs": "nixpkgs",
        "null-ls": "null-ls",
        "nvim-autopairs": "nvim-autopairs",
        "nvim-cmp": "nvim-cmp",
        "nvim-comment": "nvim-comment",
        "nvim-cursorline": "nvim-cursorline",
        "nvim-lspconfig": "nvim-lspconfig",
        "nvim-tree": "nvim-tree",
        "nvim-treesitter": "nvim-treesitter",
        "nvim-treesitter-context": "nvim-treesitter-context",
        "nvim-ts-autotag": "nvim-ts-autotag",
        "nvim-web-devicons": "nvim-web-devicons",
        "onedark-nvim": "onedark-nvim",
        "plenary-nvim": "plenary-nvim",
        "rnix-lsp": "rnix-lsp",
        "rust-tools": "rust-tools",
        "telescope": "telescope",
        "tokyonight-nvim": "tokyonight-nvim",
        "vim-vsnip": "vim-vsnip",
        "vscode-nvim": "vscode-nvim"
      },
      "locked": {
        "lastModified": 1690775641,
        "narHash": "sha256-y8zJSMamcorp6ljxzvXIGfQYW10eM5FmX4pneE1G8iU=",
        "owner": "pyqlsa",
        "repo": "neovim-flake",
        "rev": "e34293529ab78c3b82526a5c82c276548d098251",
        "type": "github"
      },
      "original": {
        "owner": "pyqlsa",
        "repo": "neovim-flake",
        "type": "github"
      }
    },
    "nightfox-nvim": {
      "inputs": {
        "flake-utils": [
          "neovim-flake",
          "flake-utils"
        ],
        "nixpkgs": [
          "neovim-flake",
          "nixpkgs"
        ]
      },
      "locked": {
        "lastModified": 1683901998,
        "narHash": "sha256-q77dkSLzSTf+GxPKzbPFQcnX1oEnLV8asOO73d9W3qQ=",
        "owner": "EdenEast",
        "repo": "nightfox.nvim",
        "rev": "77aa7458d2b725c2d9ff55a18befe1b891ac473e",
        "type": "github"
      },
      "original": {
        "owner": "EdenEast",
        "repo": "nightfox.nvim",
        "type": "github"
      }
    },
    "nixos-rocm": {
      "inputs": {
        "nixpkgs": [
          "nixpkgs"
        ]
      },
      "locked": {
        "lastModified": 1677469112,
        "narHash": "sha256-lriPF15Aabr+3NjCBTV6SpTIME1lyyBLlOKWBr3El4g=",
        "owner": "pyqlsa",
        "repo": "nixos-rocm",
        "rev": "45ac550dd380c08f3b55cd738bf06c327c82c700",
        "type": "github"
      },
      "original": {
        "owner": "pyqlsa",
        "ref": "7000",
        "repo": "nixos-rocm",
        "type": "github"
      }
    },
    "nixpkgs": {
      "locked": {
        "lastModified": 1688829822,
        "narHash": "sha256-hv56yK1fPHPt7SU2DboxBtdSbIuv9nym7Dss7Cn2jic=",
        "owner": "nixos",
        "repo": "nixpkgs",
        "rev": "ed6afb10dfdfc97b6bcf0703f1bad8118e9e961b",
        "type": "github"
      },
      "original": {
        "owner": "nixos",
        "ref": "nixpkgs-unstable",
        "repo": "nixpkgs",
        "type": "github"
      }
    },
    "nixpkgs_2": {
      "locked": {
        "lastModified": 1689373857,
        "narHash": "sha256-mtBksyvhhT98Zsm9tYHuMKuLwUKDwv+BGTl6K5nOGhY=",
        "owner": "nixos",
        "repo": "nixpkgs",
        "rev": "dfdbcc428f365071f0ca3888f6ec8c25c3792885",
        "type": "github"
      },
      "original": {
        "owner": "nixos",
        "ref": "nixos-unstable",
        "repo": "nixpkgs",
        "type": "github"
      }
    },
    "null-ls": {
      "flake": false,
      "locked": {
        "lastModified": 1688652536,
        "narHash": "sha256-6KJtj9pbvBm6fOVpnyzO2fEVC+cVrw2XtZHOgq9ieIw=",
        "owner": "jose-elias-alvarez",
        "repo": "null-ls.nvim",
        "rev": "db09b6c691def0038c456551e4e2772186449f35",
        "type": "github"
      },
      "original": {
        "owner": "jose-elias-alvarez",
        "repo": "null-ls.nvim",
        "type": "github"
      }
    },
    "nvim-autopairs": {
      "flake": false,
      "locked": {
        "lastModified": 1687083034,
        "narHash": "sha256-x+9+KLkvwKQ+J4qCnBLpfN3VTlz+52oJ9p4VV/dHZ1I=",
        "owner": "windwp",
        "repo": "nvim-autopairs",
        "rev": "e8f7dd7a72de3e7b6626c050a802000e69d53ff0",
        "type": "github"
      },
      "original": {
        "owner": "windwp",
        "repo": "nvim-autopairs",
        "type": "github"
      }
    },
    "nvim-cmp": {
      "flake": false,
      "locked": {
        "lastModified": 1688129365,
        "narHash": "sha256-nK+RmsrAFxo0ZrpaIdFe/24kwfE7wjYMqf9u917yYo4=",
        "owner": "hrsh7th",
        "repo": "nvim-cmp",
        "rev": "2743dd989e9b932e1b4813a4927d7b84272a14e2",
        "type": "github"
      },
      "original": {
        "owner": "hrsh7th",
        "repo": "nvim-cmp",
        "type": "github"
      }
    },
    "nvim-comment": {
      "flake": false,
      "locked": {
        "lastModified": 1660082200,
        "narHash": "sha256-O2jhrjXxKaWHMfm3YJ9+92Onm0niEHfUp5kOh2gETuc=",
        "owner": "terrortylor",
        "repo": "nvim-comment",
        "rev": "e9ac16ab056695cad6461173693069ec070d2b23",
        "type": "github"
      },
      "original": {
        "owner": "terrortylor",
        "repo": "nvim-comment",
        "type": "github"
      }
    },
    "nvim-cursorline": {
      "flake": false,
      "locked": {
        "lastModified": 1650034925,
        "narHash": "sha256-Uhw65p1KBjs8KsVOmTzuiu3XKclxBob8AVdWEt30C/8=",
        "owner": "yamatsum",
        "repo": "nvim-cursorline",
        "rev": "804f0023692653b2b2368462d67d2a87056947f9",
        "type": "github"
      },
      "original": {
        "owner": "yamatsum",
        "repo": "nvim-cursorline",
        "type": "github"
      }
    },
    "nvim-lspconfig": {
      "inputs": {
        "flake-utils": [
          "neovim-flake",
          "flake-utils"
        ],
        "nixpkgs": [
          "neovim-flake",
          "nixpkgs"
        ]
      },
      "locked": {
        "lastModified": 1688779214,
        "narHash": "sha256-BgY+WdOlXwj7fMTLyaze9A/4DhtwKl1iyceOzUePoSY=",
        "owner": "neovim",
        "repo": "nvim-lspconfig",
        "rev": "deade69789089c3da15237697156334fb3e943f0",
        "type": "github"
      },
      "original": {
        "owner": "neovim",
        "repo": "nvim-lspconfig",
        "type": "github"
      }
    },
    "nvim-tree": {
      "flake": false,
      "locked": {
        "lastModified": 1688874581,
        "narHash": "sha256-yRaHJB+UgGYTxoeU1fFYdHoxoxW7OuuL05KQgIxvQus=",
        "owner": "kyazdani42",
        "repo": "nvim-tree.lua",
        "rev": "a708bd2413d467929b5019ec1bce7b1f428438bc",
        "type": "github"
      },
      "original": {
        "owner": "kyazdani42",
        "repo": "nvim-tree.lua",
        "type": "github"
      }
    },
    "nvim-treesitter": {
      "flake": false,
      "locked": {
        "lastModified": 1688809105,
        "narHash": "sha256-9jDZAssj+mMkJbin3NXa7PeQ/P46/OQeVPtSpxBg07k=",
        "owner": "nvim-treesitter",
        "repo": "nvim-treesitter",
        "rev": "d9104a1d10023ed9e7eacf68639ad887425246eb",
        "type": "github"
      },
      "original": {
        "owner": "nvim-treesitter",
        "repo": "nvim-treesitter",
        "type": "github"
      }
    },
    "nvim-treesitter-context": {
      "flake": false,
      "locked": {
        "lastModified": 1652175020,
        "narHash": "sha256-dYw/Y6+Eni7gTSjvCCl7E6ho8xSTxDYAwH3xGEhf54Q=",
        "owner": "lewis6991",
        "repo": "nvim-treesitter-context",
        "rev": "c931a3136a696c1827eda78ac678aea542115bd0",
        "type": "github"
      },
      "original": {
        "owner": "lewis6991",
        "repo": "nvim-treesitter-context",
        "type": "github"
      }
    },
    "nvim-ts-autotag": {
      "flake": false,
      "locked": {
        "lastModified": 1686883732,
        "narHash": "sha256-4qTtXYA5HyG1sADV0wsiccO/G89qEoYPmlg8tTx7h8g=",
        "owner": "windwp",
        "repo": "nvim-ts-autotag",
        "rev": "6be1192965df35f94b8ea6d323354f7dc7a557e4",
        "type": "github"
      },
      "original": {
        "owner": "windwp",
        "repo": "nvim-ts-autotag",
        "type": "github"
      }
    },
    "nvim-web-devicons": {
      "flake": false,
      "locked": {
        "lastModified": 1687651460,
        "narHash": "sha256-lN8LUgQ0sJDMByFkUmfVy6h2EVPAP3hqrwqE0++XgMQ=",
        "owner": "kyazdani42",
        "repo": "nvim-web-devicons",
        "rev": "9ab9b0b894b2388a9dbcdee5f00ce72e25d85bf9",
        "type": "github"
      },
      "original": {
        "owner": "kyazdani42",
        "repo": "nvim-web-devicons",
        "type": "github"
      }
    },
    "onedark-nvim": {
      "flake": false,
      "locked": {
        "lastModified": 1686564552,
        "narHash": "sha256-sFqUrXvKkV4l3hTJUwCy4i3UrY53Z+Z/2h9b/iaj6lQ=",
        "owner": "navarasu",
        "repo": "onedark.nvim",
        "rev": "462b45758ea94ff30ad48979268094590a6b7b7e",
        "type": "github"
      },
      "original": {
        "owner": "navarasu",
        "repo": "onedark.nvim",
        "type": "github"
      }
    },
    "plenary-nvim": {
      "flake": false,
      "locked": {
        "lastModified": 1688638776,
        "narHash": "sha256-NJEr3YcsoOPo1DUTtJyu2cZjucJw2Ubsd/lvD/VdXuc=",
        "owner": "nvim-lua",
        "repo": "plenary.nvim",
        "rev": "bda256fab0eb66a15e8190937e417e6a14ee5d72",
        "type": "github"
      },
      "original": {
        "owner": "nvim-lua",
        "repo": "plenary.nvim",
        "type": "github"
      }
    },
    "rnix-lsp": {
      "inputs": {
        "naersk": "naersk",
        "nixpkgs": [
          "neovim-flake",
          "nixpkgs"
        ],
        "utils": [
          "neovim-flake",
          "flake-utils"
        ]
      },
      "locked": {
        "lastModified": 1669555118,
        "narHash": "sha256-F0s0m62S5bHNVWNHLZD6SeHiLrsDx98VQbRjDyIu+qQ=",
        "owner": "nix-community",
        "repo": "rnix-lsp",
        "rev": "95d40673fe43642e2e1144341e86d0036abd95d9",
        "type": "github"
      },
      "original": {
        "owner": "nix-community",
        "repo": "rnix-lsp",
        "type": "github"
      }
    },
    "root": {
      "inputs": {
        "home-manager": "home-manager",
        "neovim-flake": "neovim-flake",
        "nixos-rocm": "nixos-rocm",
        "nixpkgs": "nixpkgs_2"
      }
    },
    "rust-tools": {
      "flake": false,
      "locked": {
        "lastModified": 1676929960,
        "narHash": "sha256-Cuk/vdoviB9ibt2rrkNRmNFy4S+6czhbExmIjTJRdZM=",
        "owner": "simrat39",
        "repo": "rust-tools.nvim",
        "rev": "71d2cf67b5ed120a0e31b2c8adb210dd2834242f",
        "type": "github"
      },
      "original": {
        "owner": "simrat39",
        "repo": "rust-tools.nvim",
        "type": "github"
      }
    },
    "systems": {
      "locked": {
        "lastModified": 1681028828,
        "narHash": "sha256-Vy1rq5AaRuLzOxct8nz4T6wlgyUR7zLU309k9mBC768=",
        "owner": "nix-systems",
        "repo": "default",
        "rev": "da67096a3b9bf56a91d16901293e51ba5b49a27e",
        "type": "github"
      },
      "original": {
        "owner": "nix-systems",
        "repo": "default",
        "type": "github"
      }
    },
    "telescope": {
      "flake": false,
      "locked": {
        "lastModified": 1686302912,
        "narHash": "sha256-fV3LLRwAPykVGc4ImOnUSP+WTrPp9Ad9OTfBJ6wqTMk=",
        "owner": "nvim-telescope",
        "repo": "telescope.nvim",
        "rev": "776b509f80dd49d8205b9b0d94485568236d1192",
        "type": "github"
      },
      "original": {
        "owner": "nvim-telescope",
        "ref": "0.1.x",
        "repo": "telescope.nvim",
        "type": "github"
      }
    },
    "tokyonight-nvim": {
      "flake": false,
      "locked": {
        "lastModified": 1688550361,
        "narHash": "sha256-jZMiuk4H3URUPsFjhyABrIPjqRL0J4dvMKdtlANnOmU=",
        "owner": "folke",
        "repo": "tokyonight.nvim",
        "rev": "284667adfff02b9a0adc65968c553c6096b543b6",
        "type": "github"
      },
      "original": {
        "owner": "folke",
        "repo": "tokyonight.nvim",
        "type": "github"
      }
    },
    "vim-vsnip": {
      "flake": false,
      "locked": {
        "lastModified": 1678609126,
        "narHash": "sha256-ehPnvGle7YrECn76YlSY/2V7Zeq56JGlmZPlwgz2FdE=",
        "owner": "hrsh7th",
        "repo": "vim-vsnip",
        "rev": "7753ba9c10429c29d25abfd11b4c60b76718c438",
        "type": "github"
      },
      "original": {
        "owner": "hrsh7th",
        "repo": "vim-vsnip",
        "type": "github"
      }
    },
    "vscode-nvim": {
      "flake": false,
      "locked": {
        "lastModified": 1688132176,
        "narHash": "sha256-iY3S3NnFH80sMLXgPKNG895kcWpl/IjqHtFNOFNTMKg=",
        "owner": "mofiqul",
        "repo": "vscode.nvim",
        "rev": "05973862f95f85dd0564338a03baf61b56e1823f",
        "type": "github"
      },
      "original": {
        "owner": "mofiqul",
        "repo": "vscode.nvim",
        "type": "github"
      }
    }
  },
  "root": "root",
  "version": 7
}
