{
  "nodes": {
    "comfyui-nix": {
      "inputs": {
        "flake-parts": "flake-parts",
        "nixpkgs": "nixpkgs"
      },
      "locked": {
        "lastModified": 1771563628,
        "narHash": "sha256-zfSyNmV4bB7lbKbOmrBy5+239DnE6rp8xr1tmIpmRbk=",
        "owner": "pyqlsa",
        "repo": "comfyui-nix",
        "rev": "82914911ea9346cb64c132b1be73c77a74f570b0",
        "type": "github"
      },
      "original": {
        "owner": "pyqlsa",
        "ref": "main",
        "repo": "comfyui-nix",
        "type": "github"
      }
    },
    "disko": {
      "inputs": {
        "nixpkgs": [
          "nixpkgs"
        ]
      },
      "locked": {
        "lastModified": 1768920986,
        "narHash": "sha256-CNzzBsRhq7gg4BMBuTDObiWDH/rFYHEuDRVOwCcwXw4=",
        "owner": "nix-community",
        "repo": "disko",
        "rev": "de5708739256238fb912c62f03988815db89ec9a",
        "type": "github"
      },
      "original": {
        "owner": "nix-community",
        "ref": "latest",
        "repo": "disko",
        "type": "github"
      }
    },
    "flake-parts": {
      "inputs": {
        "nixpkgs-lib": "nixpkgs-lib"
      },
      "locked": {
        "lastModified": 1767609335,
        "narHash": "sha256-feveD98mQpptwrAEggBQKJTYbvwwglSbOv53uCfH9PY=",
        "owner": "hercules-ci",
        "repo": "flake-parts",
        "rev": "250481aafeb741edfe23d29195671c19b36b6dca",
        "type": "github"
      },
      "original": {
        "owner": "hercules-ci",
        "repo": "flake-parts",
        "type": "github"
      }
    },
    "flake-utils": {
      "inputs": {
        "systems": "systems"
      },
      "locked": {
        "lastModified": 1731533236,
        "narHash": "sha256-l0KFg5HjrsfsO/JpG+r7fRrqm12kzFHyUHqHCVpMMbI=",
        "owner": "numtide",
        "repo": "flake-utils",
        "rev": "11707dc2f618dd54ca8739b309ec4fc024de578b",
        "type": "github"
      },
      "original": {
        "owner": "numtide",
        "repo": "flake-utils",
        "type": "github"
      }
    },
    "flake-utils_2": {
      "inputs": {
        "systems": "systems_2"
      },
      "locked": {
        "lastModified": 1731533236,
        "narHash": "sha256-l0KFg5HjrsfsO/JpG+r7fRrqm12kzFHyUHqHCVpMMbI=",
        "owner": "numtide",
        "repo": "flake-utils",
        "rev": "11707dc2f618dd54ca8739b309ec4fc024de578b",
        "type": "github"
      },
      "original": {
        "owner": "numtide",
        "repo": "flake-utils",
        "type": "github"
      }
    },
    "home-manager": {
      "inputs": {
        "nixpkgs": [
          "nixpkgs"
        ]
      },
      "locked": {
        "lastModified": 1769132734,
        "narHash": "sha256-gmU9cRplrQWqoback9PgQX7Dlsdx8JlhlVZwf0q1F7E=",
        "owner": "nix-community",
        "repo": "home-manager",
        "rev": "d055b309a6277343cb1033a11d7500f0a0f669fc",
        "type": "github"
      },
      "original": {
        "owner": "nix-community",
        "repo": "home-manager",
        "type": "github"
      }
    },
    "neovim-flake": {
      "inputs": {
        "flake-utils": "flake-utils_2",
        "nixpkgs": "nixpkgs_2",
        "plugin-catppuccin-nvim": "plugin-catppuccin-nvim",
        "plugin-glow-nvim": "plugin-glow-nvim",
        "plugin-lspkind-nvim": "plugin-lspkind-nvim",
        "plugin-lualine-nvim": "plugin-lualine-nvim",
        "plugin-nightfox-nvim": "plugin-nightfox-nvim",
        "plugin-nvim-comment": "plugin-nvim-comment",
        "plugin-nvim-tree-lua": "plugin-nvim-tree-lua",
        "plugin-nvim-ts-autotag": "plugin-nvim-ts-autotag",
        "plugin-nvim-web-devicons": "plugin-nvim-web-devicons",
        "plugin-onedark-nvim": "plugin-onedark-nvim",
        "plugin-rose-pine": "plugin-rose-pine",
        "plugin-tokyonight-nvim": "plugin-tokyonight-nvim",
        "plugin-vim-vsnip": "plugin-vim-vsnip"
      },
      "locked": {
        "lastModified": 1768063255,
        "narHash": "sha256-Pp0T6NkxfcR5qwzhkbJj12ecTxOsuidEJ2/lRqSdyeM=",
        "owner": "pyqlsa",
        "repo": "neovim-flake",
        "rev": "d1a2d9fcf9309cb74cb67ee2cb864cd1fb2df86e",
        "type": "github"
      },
      "original": {
        "owner": "pyqlsa",
        "repo": "neovim-flake",
        "type": "github"
      }
    },
    "nixos-hardware": {
      "locked": {
        "lastModified": 1769086393,
        "narHash": "sha256-3ymIZ8s3+hu7sDl/Y48o6bwMxorfKrmn97KuWiw1vjY=",
        "owner": "nixos",
        "repo": "nixos-hardware",
        "rev": "9f7ba891ea5fc3ededd7804f1a23fafadbcb26ca",
        "type": "github"
      },
      "original": {
        "owner": "nixos",
        "ref": "master",
        "repo": "nixos-hardware",
        "type": "github"
      }
    },
    "nixpkgs": {
      "locked": {
        "lastModified": 1766902085,
        "narHash": "sha256-coBu0ONtFzlwwVBzmjacUQwj3G+lybcZ1oeNSQkgC0M=",
        "owner": "NixOS",
        "repo": "nixpkgs",
        "rev": "c0b0e0fddf73fd517c3471e546c0df87a42d53f4",
        "type": "github"
      },
      "original": {
        "owner": "NixOS",
        "ref": "nixos-unstable",
        "repo": "nixpkgs",
        "type": "github"
      }
    },
    "nixpkgs-lib": {
      "locked": {
        "lastModified": 1765674936,
        "narHash": "sha256-k00uTP4JNfmejrCLJOwdObYC9jHRrr/5M/a/8L2EIdo=",
        "owner": "nix-community",
        "repo": "nixpkgs.lib",
        "rev": "2075416fcb47225d9b68ac469a5c4801a9c4dd85",
        "type": "github"
      },
      "original": {
        "owner": "nix-community",
        "repo": "nixpkgs.lib",
        "type": "github"
      }
    },
    "nixpkgs-stable": {
      "locked": {
        "lastModified": 1767313136,
        "narHash": "sha256-16KkgfdYqjaeRGBaYsNrhPRRENs0qzkQVUooNHtoy2w=",
        "owner": "nixos",
        "repo": "nixpkgs",
        "rev": "ac62194c3917d5f474c1a844b6fd6da2db95077d",
        "type": "github"
      },
      "original": {
        "owner": "nixos",
        "ref": "release-25.05",
        "repo": "nixpkgs",
        "type": "github"
      }
    },
    "nixpkgs-unstable": {
      "locked": {
        "lastModified": 1768875095,
        "narHash": "sha256-dYP3DjiL7oIiiq3H65tGIXXIT1Waiadmv93JS0sS+8A=",
        "owner": "nixos",
        "repo": "nixpkgs",
        "rev": "ed142ab1b3a092c4d149245d0c4126a5d7ea00b0",
        "type": "github"
      },
      "original": {
        "owner": "nixos",
        "ref": "nixpkgs-unstable",
        "repo": "nixpkgs",
        "type": "github"
      }
    },
    "nixpkgs_2": {
      "locked": {
        "lastModified": 1767026758,
        "narHash": "sha256-7fsac/f7nh/VaKJ/qm3I338+wAJa/3J57cOGpXi0Sbg=",
        "owner": "nixos",
        "repo": "nixpkgs",
        "rev": "346dd96ad74dc4457a9db9de4f4f57dab2e5731d",
        "type": "github"
      },
      "original": {
        "owner": "nixos",
        "ref": "nixpkgs-unstable",
        "repo": "nixpkgs",
        "type": "github"
      }
    },
    "nixpkgs_3": {
      "locked": {
        "lastModified": 1769018530,
        "narHash": "sha256-MJ27Cy2NtBEV5tsK+YraYr2g851f3Fl1LpNHDzDX15c=",
        "owner": "nixos",
        "repo": "nixpkgs",
        "rev": "88d3861acdd3d2f0e361767018218e51810df8a1",
        "type": "github"
      },
      "original": {
        "owner": "nixos",
        "ref": "nixos-unstable",
        "repo": "nixpkgs",
        "type": "github"
      }
    },
    "plugin-catppuccin-nvim": {
      "flake": false,
      "locked": {
        "lastModified": 1731169755,
        "narHash": "sha256-lsnePejThsEygTCKV/rfJJ/h+RSrro91am841iznJe4=",
        "owner": "catppuccin",
        "repo": "nvim",
        "rev": "637d99e638bc6f1efedac582f6ccab08badac0c6",
        "type": "github"
      },
      "original": {
        "owner": "catppuccin",
        "repo": "nvim",
        "type": "github"
      }
    },
    "plugin-glow-nvim": {
      "flake": false,
      "locked": {
        "lastModified": 1703345545,
        "narHash": "sha256-GsNcASzVvY0066kak2nvUY5luzanoBclqcUOsODww8g=",
        "owner": "ellisonleao",
        "repo": "glow.nvim",
        "rev": "238070a686c1da3bccccf1079700eb4b5e19aea4",
        "type": "github"
      },
      "original": {
        "owner": "ellisonleao",
        "repo": "glow.nvim",
        "type": "github"
      }
    },
    "plugin-lspkind-nvim": {
      "flake": false,
      "locked": {
        "lastModified": 1729872608,
        "narHash": "sha256-/ifgjqqCQw67l3+gUs00tt860pa92M1WYdjdZ0lhxak=",
        "owner": "onsails",
        "repo": "lspkind.nvim",
        "rev": "a700f1436d4a938b1a1a93c9962dc796afbaef4d",
        "type": "github"
      },
      "original": {
        "owner": "onsails",
        "repo": "lspkind.nvim",
        "type": "github"
      }
    },
    "plugin-lualine-nvim": {
      "flake": false,
      "locked": {
        "lastModified": 1731050126,
        "narHash": "sha256-IN6Qz3jGxUcylYiRTyd8j6me3pAoqJsJXtFUvph/6EI=",
        "owner": "nvim-lualine",
        "repo": "lualine.nvim",
        "rev": "2a5bae925481f999263d6f5ed8361baef8df4f83",
        "type": "github"
      },
      "original": {
        "owner": "nvim-lualine",
        "repo": "lualine.nvim",
        "type": "github"
      }
    },
    "plugin-nightfox-nvim": {
      "inputs": {
        "flake-utils": [
          "neovim-flake",
          "flake-utils"
        ],
        "nixpkgs": [
          "neovim-flake",
          "nixpkgs"
        ]
      },
      "locked": {
        "lastModified": 1725836615,
        "narHash": "sha256-fVHC3FfGeRGYtB1MKpmLSITk9TDBY/yDCOlQuKvAH5I=",
        "owner": "EdenEast",
        "repo": "nightfox.nvim",
        "rev": "7557f26defd093c4e9bc17f28b08403f706f5a44",
        "type": "github"
      },
      "original": {
        "owner": "EdenEast",
        "repo": "nightfox.nvim",
        "type": "github"
      }
    },
    "plugin-nvim-comment": {
      "flake": false,
      "locked": {
        "lastModified": 1660082200,
        "narHash": "sha256-O2jhrjXxKaWHMfm3YJ9+92Onm0niEHfUp5kOh2gETuc=",
        "owner": "terrortylor",
        "repo": "nvim-comment",
        "rev": "e9ac16ab056695cad6461173693069ec070d2b23",
        "type": "github"
      },
      "original": {
        "owner": "terrortylor",
        "repo": "nvim-comment",
        "type": "github"
      }
    },
    "plugin-nvim-tree-lua": {
      "flake": false,
      "locked": {
        "lastModified": 1731275826,
        "narHash": "sha256-YIClwxyw4fNos5OIBZOjM0dlCw+yOhDDnq5jONSu7rs=",
        "owner": "nvim-tree",
        "repo": "nvim-tree.lua",
        "rev": "28eac2801b201f301449e976d7a9e8cfde053ba3",
        "type": "github"
      },
      "original": {
        "owner": "nvim-tree",
        "repo": "nvim-tree.lua",
        "type": "github"
      }
    },
    "plugin-nvim-ts-autotag": {
      "flake": false,
      "locked": {
        "lastModified": 1724798540,
        "narHash": "sha256-QEzUKvT+ChYSa9F4zg3Lw+7Sj0JzJem9nh2mWmS8Y+I=",
        "owner": "windwp",
        "repo": "nvim-ts-autotag",
        "rev": "e239a560f338be31337e7abc3ee42515daf23f5e",
        "type": "github"
      },
      "original": {
        "owner": "windwp",
        "repo": "nvim-ts-autotag",
        "type": "github"
      }
    },
    "plugin-nvim-web-devicons": {
      "flake": false,
      "locked": {
        "lastModified": 1728608318,
        "narHash": "sha256-SUWEOp+QcfHjYaqqr4Zwvh0x91IAJXvrdMkQtuWMlGc=",
        "owner": "kyazdani42",
        "repo": "nvim-web-devicons",
        "rev": "19d257cf889f79f4022163c3fbb5e08639077bd8",
        "type": "github"
      },
      "original": {
        "owner": "kyazdani42",
        "repo": "nvim-web-devicons",
        "type": "github"
      }
    },
    "plugin-onedark-nvim": {
      "flake": false,
      "locked": {
        "lastModified": 1731171496,
        "narHash": "sha256-NLHq9SUUo81m50NPQe8852uZbo4Mo4No10N3ptX43t0=",
        "owner": "navarasu",
        "repo": "onedark.nvim",
        "rev": "67a74c275d1116d575ab25485d1bfa6b2a9c38a6",
        "type": "github"
      },
      "original": {
        "owner": "navarasu",
        "repo": "onedark.nvim",
        "type": "github"
      }
    },
    "plugin-rose-pine": {
      "flake": false,
      "locked": {
        "lastModified": 1729724348,
        "narHash": "sha256-/a4pwuVJ5odm3Iio2MeoqAm8GlWIPI91mM4cVnSy/gE=",
        "owner": "rose-pine",
        "repo": "neovim",
        "rev": "07a887a7bef4aacea8c7caebaf8cbf808cdc7a8e",
        "type": "github"
      },
      "original": {
        "owner": "rose-pine",
        "repo": "neovim",
        "type": "github"
      }
    },
    "plugin-tokyonight-nvim": {
      "flake": false,
      "locked": {
        "lastModified": 1731515878,
        "narHash": "sha256-qEmfBs+rKP25RlS7VxNSw9w4GnlZiiEchs17nJg7vsE=",
        "owner": "folke",
        "repo": "tokyonight.nvim",
        "rev": "9758827c3b380ba89da4a2212b6255d01afbcf08",
        "type": "github"
      },
      "original": {
        "owner": "folke",
        "repo": "tokyonight.nvim",
        "type": "github"
      }
    },
    "plugin-vim-vsnip": {
      "flake": false,
      "locked": {
        "lastModified": 1704937299,
        "narHash": "sha256-gvm6z4pgSULBVPukewRyjwxZ0vZgreQWbG/0kOB1QBo=",
        "owner": "hrsh7th",
        "repo": "vim-vsnip",
        "rev": "02a8e79295c9733434aab4e0e2b8c4b7cea9f3a9",
        "type": "github"
      },
      "original": {
        "owner": "hrsh7th",
        "repo": "vim-vsnip",
        "type": "github"
      }
    },
    "root": {
      "inputs": {
        "comfyui-nix": "comfyui-nix",
        "disko": "disko",
        "flake-utils": "flake-utils",
        "home-manager": "home-manager",
        "neovim-flake": "neovim-flake",
        "nixos-hardware": "nixos-hardware",
        "nixpkgs": "nixpkgs_3",
        "nixpkgs-stable": "nixpkgs-stable",
        "nixpkgs-unstable": "nixpkgs-unstable",
        "sops-nix": "sops-nix"
      }
    },
    "sops-nix": {
      "inputs": {
        "nixpkgs": [
          "nixpkgs"
        ]
      },
      "locked": {
        "lastModified": 1768863606,
        "narHash": "sha256-1IHAeS8WtBiEo5XiyJBHOXMzECD6aaIOJmpQKzRRl64=",
        "owner": "Mic92",
        "repo": "sops-nix",
        "rev": "c7067be8db2c09ab1884de67ef6c4f693973f4a2",
        "type": "github"
      },
      "original": {
        "owner": "Mic92",
        "repo": "sops-nix",
        "type": "github"
      }
    },
    "systems": {
      "locked": {
        "lastModified": 1681028828,
        "narHash": "sha256-Vy1rq5AaRuLzOxct8nz4T6wlgyUR7zLU309k9mBC768=",
        "owner": "nix-systems",
        "repo": "default",
        "rev": "da67096a3b9bf56a91d16901293e51ba5b49a27e",
        "type": "github"
      },
      "original": {
        "owner": "nix-systems",
        "repo": "default",
        "type": "github"
      }
    },
    "systems_2": {
      "locked": {
        "lastModified": 1681028828,
        "narHash": "sha256-Vy1rq5AaRuLzOxct8nz4T6wlgyUR7zLU309k9mBC768=",
        "owner": "nix-systems",
        "repo": "default",
        "rev": "da67096a3b9bf56a91d16901293e51ba5b49a27e",
        "type": "github"
      },
      "original": {
        "owner": "nix-systems",
        "repo": "default",
        "type": "github"
      }
    }
  },
  "root": "root",
  "version": 7
}
